PackratFormat: 1.4
PackratVersion: 0.4.8.1
RVersion: 3.4.1
Repos: CRAN=https://cran.rstudio.com/,
    CRANextra=http://www.stats.ox.ac.uk/pub/RWin

Package: MASS
Source: CRAN
Version: 7.3-47
Hash: cef924b1619219cfc32edbb8a340e652

Package: R6
Source: CRAN
Version: 2.2.2
Hash: b2366cd9d2f3851a5704b4e192b985c2

Package: RColorBrewer
Source: CRAN
Version: 1.1-2
Hash: c0d56cd15034f395874c870141870c25

Package: Rcpp
Source: CRAN
Version: 0.12.12
Hash: 8b3d5ebb9a9a4ab5c86b3a81b0cfb774

Package: V8
Source: CRAN
Version: 1.5
Hash: 3613e12af69c327c8f160696a6fd01d1
Requires: Rcpp, curl, jsonlite

Package: coda
Source: CRAN
Version: 0.19-1
Hash: e5aff7792ef292cd4306e58e25e403fe
Requires: lattice

Package: colorRamps
Source: CRAN
Version: 2.3
Hash: d96002cc5a5865a552486c392e39f5ed

Package: colorspace
Source: CRAN
Version: 1.3-2
Hash: 0bf8618b585fa98eb23414cd3ab95118

Package: curl
Source: CRAN
Version: 3.0
Hash: fb0029f1c84bf9b510c4f55cda7103f1

Package: dichromat
Source: CRAN
Version: 2.0-0
Hash: 08eed0c80510af29bb15f840ccfe37ce

Package: digest
Source: CRAN
Version: 0.6.12
Hash: e53fb8c58673df868183697e39a6a4d6

Package: ggplot2
Source: CRAN
Version: 2.2.1
Hash: 46e5cb78836848aa44655e577433f54b
Requires: MASS, digest, gtable, lazyeval, plyr, reshape2, scales,
    tibble

Package: gtable
Source: CRAN
Version: 0.2.0
Hash: cd78381a9d3fea966ac39bd0daaf5554

Package: htmltools
Source: CRAN
Version: 0.3.6
Hash: 5b070a04ef8df1953544873db1c5896e
Requires: Rcpp, digest

Package: httpuv
Source: CRAN
Version: 1.3.5
Hash: 2cc5284565b71276d1faf3d5c043fe4e
Requires: Rcpp

Package: jsonlite
Source: CRAN
Version: 1.5
Hash: 9c51936d8dd00b2f1d4fe9d10499694c

Package: labeling
Source: CRAN
Version: 0.3
Hash: ecf589b42cd284b03a4beb9665482d3e

Package: lattice
Source: CRAN
Version: 0.20-35
Hash: 26b9d7f0d0cb4e1d1bbb97f867c82d89

Package: lazyeval
Source: CRAN
Version: 0.2.0
Hash: 3d6e7608e65bbf5cb170dab1e3c9ed8b

Package: magrittr
Source: CRAN
Version: 1.5
Hash: bdc4d48c3135e8f3b399536ddf160df4

Package: mime
Source: CRAN
Version: 0.5
Hash: 463550cf44fb6f0a2359368f42eebe62

Package: miniUI
Source: CRAN
Version: 0.1.1
Hash: e85626581f80b1fe6c92a96ec348efc5
Requires: htmltools, shiny

Package: munsell
Source: CRAN
Version: 0.4.3
Hash: f96d896947fcaf9b6d0074002e9f4f9d
Requires: colorspace

Package: packrat
Source: CRAN
Version: 0.4.8-1
Hash: 6ad605ba7b4b476d84be6632393f5765

Package: plyr
Source: CRAN
Version: 1.8.4
Hash: 8fbaff6962e3421b5c9652eebae36159
Requires: Rcpp

Package: reshape2
Source: CRAN
Version: 1.4.2
Hash: df8d1de05444abd99e423c1e3b84c9b0
Requires: Rcpp, plyr, stringr

Package: rjags
Source: CRAN
Version: 4-6
Hash: d0a8f3b95ac157fff1587076ea7151c3
Requires: coda

Package: rlang
Source: CRAN
Version: 0.1.2
Hash: c17b638e3282aa222a47112d7a60bc66

Package: scales
Source: CRAN
Version: 0.5.0
Hash: c108129462eb98e2699b07201fd12acf
Requires: R6, RColorBrewer, Rcpp, dichromat, labeling, munsell, plyr,
    viridisLite

Package: shiny
Source: CRAN
Version: 1.0.5
Hash: 4d47532a807122bfd6bc3818310f9d2e
Requires: R6, digest, htmltools, httpuv, jsonlite, mime, sourcetools,
    xtable

Package: shinyBS
Source: CRAN
Version: 0.61
Hash: 4644935bd93e62a0b82686b26af7efc2
Requires: htmltools, shiny

Package: shinydashboard
Source: CRAN
Version: 0.6.1
Hash: b48e9bf83e320416eca507dd0d75b362
Requires: htmltools, shiny

Package: shinyjs
Source: CRAN
Version: 0.9.1
Hash: 80334571084beac03513e51be8a35554
Requires: digest, htmltools, jsonlite, miniUI, shiny

Package: shinythemes
Source: CRAN
Version: 1.1.1
Hash: d15f59eaa7a9a0668cea3af7f477820c
Requires: shiny

Package: sourcetools
Source: CRAN
Version: 0.1.6
Hash: 226d56d7469587da40b0f96180e711b4

Package: stringi
Source: CRAN
Version: 1.1.5
Hash: b6308e49357a0b475f433599e0d8b5eb

Package: stringr
Source: CRAN
Version: 1.2.0
Hash: 25a86d7f410513ebb7c0bc6a5e16bdc3
Requires: magrittr, stringi

Package: tibble
Source: CRAN
Version: 1.3.4
Hash: 3111e0d62502af60fe0fa8b4213fedad
Requires: Rcpp, rlang

Package: viridisLite
Source: CRAN
Version: 0.2.0
Hash: 10f0c25af3dc84eaae10f5854f47efdb

Package: xtable
Source: CRAN
Version: 1.8-2
Hash: 7293235cfcc14cdff1ce7fd1a0212031
